
Microsoft Visual Studio Solution File, Format Version 12.00
# Visual Studio Version 16
VisualStudioVersion = 16.0.30114.105
MinimumVisualStudioVersion = 10.0.40219.1
Project("{FAE04EC0-301F-11D3-BF4B-00C04F79EFBC}") = "Difficalcy", "Difficalcy\Difficalcy.csproj", "{34010F45-0201-4B7D-BDE0-D4DEB052E687}"
EndProject
Project("{FAE04EC0-301F-11D3-BF4B-00C04F79EFBC}") = "Difficalcy.Osu", "Difficalcy.Osu\Difficalcy.Osu.csproj", "{165D559D-A55D-4949-A63B-92C70CD875AB}"
EndProject
Project("{FAE04EC0-301F-11D3-BF4B-00C04F79EFBC}") = "Difficalcy.Taiko", "Difficalcy.Taiko\Difficalcy.Taiko.csproj", "{55F0D070-3AF7-485B-90FA-1C3ABB1C18DA}"
EndProject
Project("{FAE04EC0-301F-11D3-BF4B-00C04F79EFBC}") = "Difficalcy.Catch", "Difficalcy.Catch\Difficalcy.Catch.csproj", "{DF9F52E9-0675-4128-92DD-D30E1261482C}"
EndProject
Project("{FAE04EC0-301F-11D3-BF4B-00C04F79EFBC}") = "Difficalcy.Mania", "Difficalcy.Mania\Difficalcy.Mania.csproj", "{C7BC114F-AAE0-42F9-BDC0-545E07E71DC7}"
EndProject
Project("{FAE04EC0-301F-11D3-BF4B-00C04F79EFBC}") = "Difficalcy.Tests", "Difficalcy.Tests\Difficalcy.Tests.csproj", "{FBA3098D-8E2B-41A4-BF92-83A25567FFCD}"
EndProject
Project("{FAE04EC0-301F-11D3-BF4B-00C04F79EFBC}") = "Difficalcy.Osu.Tests", "Difficalcy.Osu.Tests\Difficalcy.Osu.Tests.csproj", "{8CCF92AA-359E-481F-BB67-DD4C1B601378}"
EndProject
Project("{FAE04EC0-301F-11D3-BF4B-00C04F79EFBC}") = "Difficalcy.Taiko.Tests", "Difficalcy.Taiko.Tests\Difficalcy.Taiko.Tests.csproj", "{E7FF119C-05AD-4D77-85AA-D3DC7D8D6E3F}"
EndProject
Project("{FAE04EC0-301F-11D3-BF4B-00C04F79EFBC}") = "Difficalcy.Catch.Tests", "Difficalcy.Catch.Tests\Difficalcy.Catch.Tests.csproj", "{D377B0B0-F89C-4A2B-A4EB-533F7BAD0552}"
EndProject
Project("{FAE04EC0-301F-11D3-BF4B-00C04F79EFBC}") = "Difficalcy.Mania.Tests", "Difficalcy.Mania.Tests\Difficalcy.Mania.Tests.csproj", "{EEA08AAD-9A2C-4C31-980D-3ED0B661E017}"
EndProject
Global
	GlobalSection(SolutionConfigurationPlatforms) = preSolution
		Debug|Any CPU = Debug|Any CPU
		Release|Any CPU = Release|Any CPU
	EndGlobalSection
	GlobalSection(SolutionProperties) = preSolution
		HideSolutionNode = FALSE
	EndGlobalSection
	GlobalSection(ProjectConfigurationPlatforms) = postSolution
		{34010F45-0201-4B7D-BDE0-D4DEB052E687}.Debug|Any CPU.ActiveCfg = Debug|Any CPU
		{34010F45-0201-4B7D-BDE0-D4DEB052E687}.Debug|Any CPU.Build.0 = Debug|Any CPU
		{34010F45-0201-4B7D-BDE0-D4DEB052E687}.Release|Any CPU.ActiveCfg = Release|Any CPU
		{34010F45-0201-4B7D-BDE0-D4DEB052E687}.Release|Any CPU.Build.0 = Release|Any CPU
		{165D559D-A55D-4949-A63B-92C70CD875AB}.Debug|Any CPU.ActiveCfg = Debug|Any CPU
		{165D559D-A55D-4949-A63B-92C70CD875AB}.Debug|Any CPU.Build.0 = Debug|Any CPU
		{165D559D-A55D-4949-A63B-92C70CD875AB}.Release|Any CPU.ActiveCfg = Release|Any CPU
		{165D559D-A55D-4949-A63B-92C70CD875AB}.Release|Any CPU.Build.0 = Release|Any CPU
		{55F0D070-3AF7-485B-90FA-1C3ABB1C18DA}.Debug|Any CPU.ActiveCfg = Debug|Any CPU
		{55F0D070-3AF7-485B-90FA-1C3ABB1C18DA}.Debug|Any CPU.Build.0 = Debug|Any CPU
		{55F0D070-3AF7-485B-90FA-1C3ABB1C18DA}.Release|Any CPU.ActiveCfg = Release|Any CPU
		{55F0D070-3AF7-485B-90FA-1C3ABB1C18DA}.Release|Any CPU.Build.0 = Release|Any CPU
		{DF9F52E9-0675-4128-92DD-D30E1261482C}.Debug|Any CPU.ActiveCfg = Debug|Any CPU
		{DF9F52E9-0675-4128-92DD-D30E1261482C}.Debug|Any CPU.Build.0 = Debug|Any CPU
		{DF9F52E9-0675-4128-92DD-D30E1261482C}.Release|Any CPU.ActiveCfg = Release|Any CPU
		{DF9F52E9-0675-4128-92DD-D30E1261482C}.Release|Any CPU.Build.0 = Release|Any CPU
		{C7BC114F-AAE0-42F9-BDC0-545E07E71DC7}.Debug|Any CPU.ActiveCfg = Debug|Any CPU
		{C7BC114F-AAE0-42F9-BDC0-545E07E71DC7}.Debug|Any CPU.Build.0 = Debug|Any CPU
		{C7BC114F-AAE0-42F9-BDC0-545E07E71DC7}.Release|Any CPU.ActiveCfg = Release|Any CPU
		{C7BC114F-AAE0-42F9-BDC0-545E07E71DC7}.Release|Any CPU.Build.0 = Release|Any CPU
		{FBA3098D-8E2B-41A4-BF92-83A25567FFCD}.Debug|Any CPU.ActiveCfg = Debug|Any CPU
		{FBA3098D-8E2B-41A4-BF92-83A25567FFCD}.Debug|Any CPU.Build.0 = Debug|Any CPU
		{FBA3098D-8E2B-41A4-BF92-83A25567FFCD}.Release|Any CPU.ActiveCfg = Release|Any CPU
		{FBA3098D-8E2B-41A4-BF92-83A25567FFCD}.Release|Any CPU.Build.0 = Release|Any CPU
		{8CCF92AA-359E-481F-BB67-DD4C1B601378}.Debug|Any CPU.ActiveCfg = Debug|Any CPU
		{8CCF92AA-359E-481F-BB67-DD4C1B601378}.Debug|Any CPU.Build.0 = Debug|Any CPU
		{8CCF92AA-359E-481F-BB67-DD4C1B601378}.Release|Any CPU.ActiveCfg = Release|Any CPU
		{8CCF92AA-359E-481F-BB67-DD4C1B601378}.Release|Any CPU.Build.0 = Release|Any CPU
		{E7FF119C-05AD-4D77-85AA-D3DC7D8D6E3F}.Debug|Any CPU.ActiveCfg = Debug|Any CPU
		{E7FF119C-05AD-4D77-85AA-D3DC7D8D6E3F}.Debug|Any CPU.Build.0 = Debug|Any CPU
		{E7FF119C-05AD-4D77-85AA-D3DC7D8D6E3F}.Release|Any CPU.ActiveCfg = Release|Any CPU
		{E7FF119C-05AD-4D77-85AA-D3DC7D8D6E3F}.Release|Any CPU.Build.0 = Release|Any CPU
		{D377B0B0-F89C-4A2B-A4EB-533F7BAD0552}.Debug|Any CPU.ActiveCfg = Debug|Any CPU
		{D377B0B0-F89C-4A2B-A4EB-533F7BAD0552}.Debug|Any CPU.Build.0 = Debug|Any CPU
		{D377B0B0-F89C-4A2B-A4EB-533F7BAD0552}.Release|Any CPU.ActiveCfg = Release|Any CPU
		{D377B0B0-F89C-4A2B-A4EB-533F7BAD0552}.Release|Any CPU.Build.0 = Release|Any CPU
		{EEA08AAD-9A2C-4C31-980D-3ED0B661E017}.Debug|Any CPU.ActiveCfg = Debug|Any CPU
		{EEA08AAD-9A2C-4C31-980D-3ED0B661E017}.Debug|Any CPU.Build.0 = Debug|Any CPU
		{EEA08AAD-9A2C-4C31-980D-3ED0B661E017}.Release|Any CPU.ActiveCfg = Release|Any CPU
		{EEA08AAD-9A2C-4C31-980D-3ED0B661E017}.Release|Any CPU.Build.0 = Release|Any CPU
	EndGlobalSection
EndGlobal
